
Microsoft Visual Studio Solution File, Format Version 12.00
# Visual Studio 14
VisualStudioVersion = 14.0.23107.0
MinimumVisualStudioVersion = 10.0.40219.1
Project("{8BC9CEB8-8B4A-11D0-8D11-00A0C91BC942}") = "Samodiva", "Samodiva\Samodiva.vcxproj", "{101819AC-E305-4B77-85A2-0D2A34FD9A00}"
EndProject
Project("{8BC9CEB8-8B4A-11D0-8D11-00A0C91BC942}") = "Magda", "Magda\Magda.vcxproj", "{10D03D15-92AF-4A4B-87B0-7294FBD471BE}"
EndProject
Global
	GlobalSection(SolutionConfigurationPlatforms) = preSolution
		Debug|x64 = Debug|x64
		Debug|x86 = Debug|x86
		Release|x64 = Release|x64
		Release|x86 = Release|x86
		Test Debug|x64 = Test Debug|x64
		Test Debug|x86 = Test Debug|x86
	EndGlobalSection
	GlobalSection(ProjectConfigurationPlatforms) = postSolution
		{101819AC-E305-4B77-85A2-0D2A34FD9A00}.Debug|x64.ActiveCfg = Debug|x64
		{101819AC-E305-4B77-85A2-0D2A34FD9A00}.Debug|x64.Build.0 = Debug|x64
		{101819AC-E305-4B77-85A2-0D2A34FD9A00}.Debug|x86.ActiveCfg = Debug|Win32
		{101819AC-E305-4B77-85A2-0D2A34FD9A00}.Debug|x86.Build.0 = Debug|Win32
		{101819AC-E305-4B77-85A2-0D2A34FD9A00}.Release|x64.ActiveCfg = Release|x64
		{101819AC-E305-4B77-85A2-0D2A34FD9A00}.Release|x64.Build.0 = Release|x64
		{101819AC-E305-4B77-85A2-0D2A34FD9A00}.Release|x86.ActiveCfg = Release|Win32
		{101819AC-E305-4B77-85A2-0D2A34FD9A00}.Release|x86.Build.0 = Release|Win32
		{101819AC-E305-4B77-85A2-0D2A34FD9A00}.Test Debug|x64.ActiveCfg = Test Debug|x64
		{101819AC-E305-4B77-85A2-0D2A34FD9A00}.Test Debug|x64.Build.0 = Test Debug|x64
		{101819AC-E305-4B77-85A2-0D2A34FD9A00}.Test Debug|x86.ActiveCfg = Test Debug|Win32
		{101819AC-E305-4B77-85A2-0D2A34FD9A00}.Test Debug|x86.Build.0 = Test Debug|Win32
		{10D03D15-92AF-4A4B-87B0-7294FBD471BE}.Debug|x64.ActiveCfg = Debug|x64
		{10D03D15-92AF-4A4B-87B0-7294FBD471BE}.Debug|x64.Build.0 = Debug|x64
		{10D03D15-92AF-4A4B-87B0-7294FBD471BE}.Debug|x86.ActiveCfg = Debug|Win32
		{10D03D15-92AF-4A4B-87B0-7294FBD471BE}.Debug|x86.Build.0 = Debug|Win32
		{10D03D15-92AF-4A4B-87B0-7294FBD471BE}.Release|x64.ActiveCfg = Release|x64
		{10D03D15-92AF-4A4B-87B0-7294FBD471BE}.Release|x64.Build.0 = Release|x64
		{10D03D15-92AF-4A4B-87B0-7294FBD471BE}.Release|x86.ActiveCfg = Release|Win32
		{10D03D15-92AF-4A4B-87B0-7294FBD471BE}.Release|x86.Build.0 = Release|Win32
		{10D03D15-92AF-4A4B-87B0-7294FBD471BE}.Test Debug|x64.ActiveCfg = Debug|x64
		{10D03D15-92AF-4A4B-87B0-7294FBD471BE}.Test Debug|x64.Build.0 = Debug|x64
		{10D03D15-92AF-4A4B-87B0-7294FBD471BE}.Test Debug|x86.ActiveCfg = Debug|Win32
		{10D03D15-92AF-4A4B-87B0-7294FBD471BE}.Test Debug|x86.Build.0 = Debug|Win32
	EndGlobalSection
	GlobalSection(SolutionProperties) = preSolution
		HideSolutionNode = FALSE
	EndGlobalSection
EndGlobal
