<?xml version="1.0" encoding="utf-8"?>
<Project ToolsVersion="4.0" xmlns="http://schemas.microsoft.com/developer/msbuild/2003">
  <ItemGroup>
    <Filter Include="Source Files">
      <UniqueIdentifier>{4FC737F1-C7A5-4376-A066-2A32D752A2FF}</UniqueIdentifier>
      <Extensions>cpp;c;cc;cxx;def;odl;idl;hpj;bat;asm;asmx</Extensions>
    </Filter>
    <Filter Include="Header Files">
      <UniqueIdentifier>{93995380-89BD-4b04-88EB-625FBE52EBFB}</UniqueIdentifier>
      <Extensions>h;hh;hpp;hxx;hm;inl;inc;xsd</Extensions>
    </Filter>
    <Filter Include="Resource Files">
      <UniqueIdentifier>{67DA6AB6-F800-4c08-8B7A-83BB121AAD01}</UniqueIdentifier>
      <Extensions>rc;ico;cur;bmp;dlg;rc2;rct;bin;rgs;gif;jpg;jpeg;jpe;resx;tiff;tif;png;wav;mfcribbon-ms</Extensions>
    </Filter>
    <Filter Include="Header Files\Public">
      <UniqueIdentifier>{5e24c5a7-fc9b-4ea0-b9f9-d84f878a9169}</UniqueIdentifier>
    </Filter>
    <Filter Include="Header Files\Private">
      <UniqueIdentifier>{8e43109f-a54e-4614-af79-def38cd5a92b}</UniqueIdentifier>
    </Filter>
    <Filter Include="Source Files\TaskSystem">
      <UniqueIdentifier>{9ef485e3-1c7a-4021-8aab-8a6fa5ce1276}</UniqueIdentifier>
    </Filter>
    <Filter Include="Header Files\Private\TaskSystem">
      <UniqueIdentifier>{454729e3-bb4c-474a-857b-a733e64b0798}</UniqueIdentifier>
    </Filter>
    <Filter Include="Source Files\MemoryManagement">
      <UniqueIdentifier>{8ee7a10c-7d2c-4f3d-b0e5-ee8ef2de015a}</UniqueIdentifier>
    </Filter>
    <Filter Include="Header Files\Private\MemoryManagement">
      <UniqueIdentifier>{7a40d52d-0147-4f15-b56a-467fef38c550}</UniqueIdentifier>
    </Filter>
    <Filter Include="Source Files\Tests">
      <UniqueIdentifier>{31949f06-bc99-4c21-8393-8513cfca3d4d}</UniqueIdentifier>
    </Filter>
    <Filter Include="Header Files\Private\FuzzyLogic">
      <UniqueIdentifier>{6f12e6fb-2059-45d6-ac1c-83aed89825a8}</UniqueIdentifier>
    </Filter>
    <Filter Include="Source Files\FuzzyLogic">
      <UniqueIdentifier>{a7644286-8173-4b2f-a4c7-dd20852018b8}</UniqueIdentifier>
    </Filter>
  </ItemGroup>
  <ItemGroup>
    <ClInclude Include="Source\WorldImpl.h">
      <Filter>Header Files\Private</Filter>
    </ClInclude>
    <ClInclude Include="Source\AgentImpl.h">
      <Filter>Header Files\Private</Filter>
    </ClInclude>
    <ClInclude Include="Source\Declarations.h">
      <Filter>Header Files\Private</Filter>
    </ClInclude>
    <ClInclude Include="Source\precompiled.h">
      <Filter>Header Files\Private</Filter>
    </ClInclude>
    <ClInclude Include="include\Samodiva\Agent.h">
      <Filter>Header Files\Public</Filter>
    </ClInclude>
    <ClInclude Include="include\Samodiva\Config.h">
      <Filter>Header Files\Public</Filter>
    </ClInclude>
    <ClInclude Include="include\Samodiva\World.h">
      <Filter>Header Files\Public</Filter>
    </ClInclude>
    <ClInclude Include="include\Samodiva\EmotionalTypes.h">
      <Filter>Header Files\Public</Filter>
    </ClInclude>
    <ClInclude Include="Source\MathHelpers.h">
      <Filter>Header Files\Private</Filter>
    </ClInclude>
    <ClInclude Include="Source\EmotionalComponent.h">
      <Filter>Header Files\Private</Filter>
    </ClInclude>
    <ClInclude Include="Source\Librarian.h">
      <Filter>Header Files\Private</Filter>
    </ClInclude>
    <ClInclude Include="Source\BayesianNetwork.h">
      <Filter>Header Files\Private</Filter>
    </ClInclude>
    <ClInclude Include="Source\TaskSystem\TaskSystem.h">
      <Filter>Header Files\Private\TaskSystem</Filter>
    </ClInclude>
    <ClInclude Include="Source\TaskSystem\BlockingQueue.h">
      <Filter>Header Files</Filter>
    </ClInclude>
    <ClInclude Include="include\Samodiva\LogHandler.h">
      <Filter>Header Files\Public</Filter>
    </ClInclude>
    <ClInclude Include="Source\Logging.h">
      <Filter>Header Files\Private</Filter>
    </ClInclude>
    <ClInclude Include="include\Samodiva\Allocator.h">
      <Filter>Header Files\Public</Filter>
    </ClInclude>
    <ClInclude Include="Source\MemoryManagement\MemoryManagement.h">
      <Filter>Header Files\Private\MemoryManagement</Filter>
    </ClInclude>
    <ClInclude Include="Source\MemoryManagement\LinearAllocator.h">
      <Filter>Header Files\Private\MemoryManagement</Filter>
    </ClInclude>
    <ClInclude Include="Source\MemoryManagement\StlAllocator.h">
      <Filter>Header Files\Private\MemoryManagement</Filter>
    </ClInclude>
    <ClInclude Include="Source\Assertions.h">
      <Filter>Header Files\Private</Filter>
    </ClInclude>
    <ClInclude Include="Source\FuzzyLogic\Fuzzifier.h">
      <Filter>Header Files\Private\FuzzyLogic</Filter>
    </ClInclude>
  </ItemGroup>
  <ItemGroup>
    <ClCompile Include="Source\WorldImpl.cpp">
      <Filter>Source Files</Filter>
    </ClCompile>
    <ClCompile Include="Source\AgentImpl.cpp">
      <Filter>Source Files</Filter>
    </ClCompile>
    <ClCompile Include="Source\EmotionalComponent.cpp">
      <Filter>Source Files</Filter>
    </ClCompile>
    <ClCompile Include="Source\Librarian.cpp">
      <Filter>Source Files</Filter>
    </ClCompile>
    <ClCompile Include="Source\BayesianNetwork.cpp">
      <Filter>Source Files</Filter>
    </ClCompile>
    <ClCompile Include="Source\MemoryManagement\MemoryManagement.cpp">
      <Filter>Source Files\MemoryManagement</Filter>
    </ClCompile>
    <ClCompile Include="Source\Tests\TestMain.cpp">
      <Filter>Source Files\Tests</Filter>
    </ClCompile>
    <ClCompile Include="Source\FuzzyLogic\Fuzzifier.cpp">
      <Filter>Source Files\FuzzyLogic</Filter>
    </ClCompile>
  </ItemGroup>
</Project>